
Microsoft Visual Studio Solution File, Format Version 12.00
# Visual Studio Version 17
VisualStudioVersion = 17.3.32901.215
MinimumVisualStudioVersion = 10.0.40219.1
Project("{FAE04EC0-301F-11D3-BF4B-00C04F79EFBC}") = "Entity_BookViewer", "Entity_BookViewer\Entity_BookViewer.csproj", "{4796F06E-6751-40B5-A28E-7F3E232C56EB}"
EndProject
Global
	GlobalSection(SolutionConfigurationPlatforms) = preSolution
		Debug|Any CPU = Debug|Any CPU
		Release|Any CPU = Release|Any CPU
	EndGlobalSection
	GlobalSection(ProjectConfigurationPlatforms) = postSolution
		{4796F06E-6751-40B5-A28E-7F3E232C56EB}.Debug|Any CPU.ActiveCfg = Debug|Any CPU
		{4796F06E-6751-40B5-A28E-7F3E232C56EB}.Debug|Any CPU.Build.0 = Debug|Any CPU
		{4796F06E-6751-40B5-A28E-7F3E232C56EB}.Release|Any CPU.ActiveCfg = Release|Any CPU
		{4796F06E-6751-40B5-A28E-7F3E232C56EB}.Release|Any CPU.Build.0 = Release|Any CPU
	EndGlobalSection
	GlobalSection(SolutionProperties) = preSolution
		HideSolutionNode = FALSE
	EndGlobalSection
	GlobalSection(ExtensibilityGlobals) = postSolution
		SolutionGuid = {CFE36985-6984-4CD1-B6E6-A59E56119775}
	EndGlobalSection
EndGlobal
